{
  "object": {
    "pins": [
      {
        "package": "SQLite.swift",
        "repositoryURL": "https://github.com/nedap/SQLite.swift.git",
        "state": {
          "branch": null,
          "revision": "079bfd56eb507b593f39a90168149da21d1c1859",
          "version": "0.12.3"
        }
      }
    ]
  },
  "version": 1
}
